
Microsoft Visual Studio Solution File, Format Version 12.00
# Visual Studio 15
VisualStudioVersion = 15.0.28307.757
MinimumVisualStudioVersion = 10.0.40219.1
Project("{8BC9CEB8-8B4A-11D0-8D11-00A0C91BC942}") = "wk_callback_hook", "WdProcessNotificationCallback\WdProcessNotificationCallback.vcxproj", "{92ED4119-0E78-47E1-89BE-59E54D0C8E59}"
EndProject
Global
	GlobalSection(SolutionConfigurationPlatforms) = preSolution
		Debug|x64 = Debug|x64
		Release|x64 = Release|x64
	EndGlobalSection
	GlobalSection(ProjectConfigurationPlatforms) = postSolution
		{92ED4119-0E78-47E1-89BE-59E54D0C8E59}.Debug|x64.ActiveCfg = Debug|x64
		{92ED4119-0E78-47E1-89BE-59E54D0C8E59}.Debug|x64.Build.0 = Debug|x64
		{92ED4119-0E78-47E1-89BE-59E54D0C8E59}.Debug|x64.Deploy.0 = Debug|x64
		{92ED4119-0E78-47E1-89BE-59E54D0C8E59}.Release|x64.ActiveCfg = Release|x64
		{92ED4119-0E78-47E1-89BE-59E54D0C8E59}.Release|x64.Build.0 = Release|x64
		{92ED4119-0E78-47E1-89BE-59E54D0C8E59}.Release|x64.Deploy.0 = Release|x64
	EndGlobalSection
	GlobalSection(SolutionProperties) = preSolution
		HideSolutionNode = FALSE
	EndGlobalSection
	GlobalSection(ExtensibilityGlobals) = postSolution
		SolutionGuid = {0BB26D7F-B8FF-4229-9372-7A96BE3BBC47}
	EndGlobalSection
EndGlobal
