
Microsoft Visual Studio Solution File, Format Version 12.00
# Visual Studio Version 16
VisualStudioVersion = 16.0.29411.108
MinimumVisualStudioVersion = 10.0.40219.1
Project("{8BC9CEB8-8B4A-11D0-8D11-00A0C91BC942}") = "EnlightenmentState", "EnlightenmentState\EnlightenmentState.vcxproj", "{910F7BEE-8923-4801-B3EE-74114072FFD3}"
EndProject
Global
	GlobalSection(SolutionConfigurationPlatforms) = preSolution
		Debug|ARM = Debug|ARM
		Debug|ARM64 = Debug|ARM64
		Debug|x64 = Debug|x64
		Debug|x86 = Debug|x86
		Release|ARM = Release|ARM
		Release|ARM64 = Release|ARM64
		Release|x64 = Release|x64
		Release|x86 = Release|x86
	EndGlobalSection
	GlobalSection(ProjectConfigurationPlatforms) = postSolution
		{910F7BEE-8923-4801-B3EE-74114072FFD3}.Debug|ARM.ActiveCfg = Debug|ARM
		{910F7BEE-8923-4801-B3EE-74114072FFD3}.Debug|ARM.Build.0 = Debug|ARM
		{910F7BEE-8923-4801-B3EE-74114072FFD3}.Debug|ARM.Deploy.0 = Debug|ARM
		{910F7BEE-8923-4801-B3EE-74114072FFD3}.Debug|ARM64.ActiveCfg = Debug|ARM64
		{910F7BEE-8923-4801-B3EE-74114072FFD3}.Debug|ARM64.Build.0 = Debug|ARM64
		{910F7BEE-8923-4801-B3EE-74114072FFD3}.Debug|ARM64.Deploy.0 = Debug|ARM64
		{910F7BEE-8923-4801-B3EE-74114072FFD3}.Debug|x64.ActiveCfg = Debug|x64
		{910F7BEE-8923-4801-B3EE-74114072FFD3}.Debug|x64.Build.0 = Debug|x64
		{910F7BEE-8923-4801-B3EE-74114072FFD3}.Debug|x64.Deploy.0 = Debug|x64
		{910F7BEE-8923-4801-B3EE-74114072FFD3}.Debug|x86.ActiveCfg = Debug|Win32
		{910F7BEE-8923-4801-B3EE-74114072FFD3}.Debug|x86.Build.0 = Debug|Win32
		{910F7BEE-8923-4801-B3EE-74114072FFD3}.Debug|x86.Deploy.0 = Debug|Win32
		{910F7BEE-8923-4801-B3EE-74114072FFD3}.Release|ARM.ActiveCfg = Release|ARM
		{910F7BEE-8923-4801-B3EE-74114072FFD3}.Release|ARM.Build.0 = Release|ARM
		{910F7BEE-8923-4801-B3EE-74114072FFD3}.Release|ARM.Deploy.0 = Release|ARM
		{910F7BEE-8923-4801-B3EE-74114072FFD3}.Release|ARM64.ActiveCfg = Release|ARM64
		{910F7BEE-8923-4801-B3EE-74114072FFD3}.Release|ARM64.Build.0 = Release|ARM64
		{910F7BEE-8923-4801-B3EE-74114072FFD3}.Release|ARM64.Deploy.0 = Release|ARM64
		{910F7BEE-8923-4801-B3EE-74114072FFD3}.Release|x64.ActiveCfg = Release|x64
		{910F7BEE-8923-4801-B3EE-74114072FFD3}.Release|x64.Build.0 = Release|x64
		{910F7BEE-8923-4801-B3EE-74114072FFD3}.Release|x64.Deploy.0 = Release|x64
		{910F7BEE-8923-4801-B3EE-74114072FFD3}.Release|x86.ActiveCfg = Release|Win32
		{910F7BEE-8923-4801-B3EE-74114072FFD3}.Release|x86.Build.0 = Release|Win32
		{910F7BEE-8923-4801-B3EE-74114072FFD3}.Release|x86.Deploy.0 = Release|Win32
	EndGlobalSection
	GlobalSection(SolutionProperties) = preSolution
		HideSolutionNode = FALSE
	EndGlobalSection
	GlobalSection(ExtensibilityGlobals) = postSolution
		SolutionGuid = {39B3A25C-047A-4C61-B484-A5FF80E061A3}
	EndGlobalSection
EndGlobal
